// !$*UTF8*$!
{
	archiveVersion = 1;
	classes = {
	};
	objectVersion = 46;
	objects = {

/* Begin PBXBuildFile section */
		71D5F1901B4F35BE00FC11D0 /* TransitionManager.swift in Sources */ = {isa = PBXBuildFile; fileRef = 71D5F18F1B4F35BE00FC11D0 /* TransitionManager.swift */; };
		71D82DBF1B4F85A4009C7CA7 /* SettingsViewController.swift in Sources */ = {isa = PBXBuildFile; fileRef = 71D82DBE1B4F85A4009C7CA7 /* SettingsViewController.swift */; };
		71DBBD8F1B4C42F100F85755 /* AppDelegate.swift in Sources */ = {isa = PBXBuildFile; fileRef = 71DBBD8E1B4C42F100F85755 /* AppDelegate.swift */; };
		71DBBD911B4C42F100F85755 /* ViewController.swift in Sources */ = {isa = PBXBuildFile; fileRef = 71DBBD901B4C42F100F85755 /* ViewController.swift */; };
		71DBBD941B4C42F100F85755 /* Main.storyboard in Resources */ = {isa = PBXBuildFile; fileRef = 71DBBD921B4C42F100F85755 /* Main.storyboard */; };
		71DBBD961B4C42F100F85755 /* Images.xcassets in Resources */ = {isa = PBXBuildFile; fileRef = 71DBBD951B4C42F100F85755 /* Images.xcassets */; };
		71DBBD991B4C42F100F85755 /* LaunchScreen.xib in Resources */ = {isa = PBXBuildFile; fileRef = 71DBBD971B4C42F100F85755 /* LaunchScreen.xib */; };
		71DBBDA51B4C42F100F85755 /* LottoTests.swift in Sources */ = {isa = PBXBuildFile; fileRef = 71DBBDA41B4C42F100F85755 /* LottoTests.swift */; };
		71DBBDAF1B4C572D00F85755 /* Array+Shuffling.swift in Sources */ = {isa = PBXBuildFile; fileRef = 71DBBDAE1B4C572D00F85755 /* Array+Shuffling.swift */; };
/* End PBXBuildFile section */

/* Begin PBXContainerItemProxy section */
		71DBBD9F1B4C42F100F85755 /* PBXContainerItemProxy */ = {
			isa = PBXContainerItemProxy;
			containerPortal = 71DBBD811B4C42F100F85755 /* Project object */;
			proxyType = 1;
			remoteGlobalIDString = 71DBBD881B4C42F100F85755;
			remoteInfo = Lotto;
		};
/* End PBXContainerItemProxy section */

/* Begin PBXFileReference section */
		71D5F18F1B4F35BE00FC11D0 /* TransitionManager.swift */ = {isa = PBXFileReference; fileEncoding = 4; lastKnownFileType = sourcecode.swift; path = TransitionManager.swift; sourceTree = "<group>"; };
		71D82DBE1B4F85A4009C7CA7 /* SettingsViewController.swift */ = {isa = PBXFileReference; fileEncoding = 4; lastKnownFileType = sourcecode.swift; path = SettingsViewController.swift; sourceTree = "<group>"; };
		71DBBD891B4C42F100F85755 /* Lotto.app */ = {isa = PBXFileReference; explicitFileType = wrapper.application; includeInIndex = 0; path = Lotto.app; sourceTree = BUILT_PRODUCTS_DIR; };
		71DBBD8D1B4C42F100F85755 /* Info.plist */ = {isa = PBXFileReference; lastKnownFileType = text.plist.xml; path = Info.plist; sourceTree = "<group>"; };
		71DBBD8E1B4C42F100F85755 /* AppDelegate.swift */ = {isa = PBXFileReference; lastKnownFileType = sourcecode.swift; path = AppDelegate.swift; sourceTree = "<group>"; };
		71DBBD901B4C42F100F85755 /* ViewController.swift */ = {isa = PBXFileReference; lastKnownFileType = sourcecode.swift; path = ViewController.swift; sourceTree = "<group>"; };
		71DBBD931B4C42F100F85755 /* Base */ = {isa = PBXFileReference; lastKnownFileType = file.storyboard; name = Base; path = Base.lproj/Main.storyboard; sourceTree = "<group>"; };
		71DBBD951B4C42F100F85755 /* Images.xcassets */ = {isa = PBXFileReference; lastKnownFileType = folder.assetcatalog; path = Images.xcassets; sourceTree = "<group>"; };
		71DBBD981B4C42F100F85755 /* Base */ = {isa = PBXFileReference; lastKnownFileType = file.xib; name = Base; path = Base.lproj/LaunchScreen.xib; sourceTree = "<group>"; };
		71DBBD9E1B4C42F100F85755 /* LottoTests.xctest */ = {isa = PBXFileReference; explicitFileType = wrapper.cfbundle; includeInIndex = 0; path = LottoTests.xctest; sourceTree = BUILT_PRODUCTS_DIR; };
		71DBBDA31B4C42F100F85755 /* Info.plist */ = {isa = PBXFileReference; lastKnownFileType = text.plist.xml; path = Info.plist; sourceTree = "<group>"; };
		71DBBDA41B4C42F100F85755 /* LottoTests.swift */ = {isa = PBXFileReference; lastKnownFileType = sourcecode.swift; path = LottoTests.swift; sourceTree = "<group>"; };
		71DBBDAE1B4C572D00F85755 /* Array+Shuffling.swift */ = {isa = PBXFileReference; fileEncoding = 4; lastKnownFileType = sourcecode.swift; path = "Array+Shuffling.swift"; sourceTree = "<group>"; };
/* End PBXFileReference section */

/* Begin PBXFrameworksBuildPhase section */
		71DBBD861B4C42F100F85755 /* Frameworks */ = {
			isa = PBXFrameworksBuildPhase;
			buildActionMask = 2147483647;
			files = (
			);
			runOnlyForDeploymentPostprocessing = 0;
		};
		71DBBD9B1B4C42F100F85755 /* Frameworks */ = {
			isa = PBXFrameworksBuildPhase;
			buildActionMask = 2147483647;
			files = (
			);
			runOnlyForDeploymentPostprocessing = 0;
		};
/* End PBXFrameworksBuildPhase section */

/* Begin PBXGroup section */
		71DBBD801B4C42F100F85755 = {
			isa = PBXGroup;
			children = (
				71DBBD8B1B4C42F100F85755 /* Lotto */,
				71DBBDA11B4C42F100F85755 /* LottoTests */,
				71DBBD8A1B4C42F100F85755 /* Products */,
			);
			sourceTree = "<group>";
		};
		71DBBD8A1B4C42F100F85755 /* Products */ = {
			isa = PBXGroup;
			children = (
				71DBBD891B4C42F100F85755 /* Lotto.app */,
				71DBBD9E1B4C42F100F85755 /* LottoTests.xctest */,
			);
			name = Products;
			sourceTree = "<group>";
		};
		71DBBD8B1B4C42F100F85755 /* Lotto */ = {
			isa = PBXGroup;
			children = (
				71DBBD8E1B4C42F100F85755 /* AppDelegate.swift */,
				71DBBDAE1B4C572D00F85755 /* Array+Shuffling.swift */,
				71DBBD901B4C42F100F85755 /* ViewController.swift */,
				71DBBD921B4C42F100F85755 /* Main.storyboard */,
				71D82DBE1B4F85A4009C7CA7 /* SettingsViewController.swift */,
				71D5F18F1B4F35BE00FC11D0 /* TransitionManager.swift */,
				71DBBD951B4C42F100F85755 /* Images.xcassets */,
				71DBBD971B4C42F100F85755 /* LaunchScreen.xib */,
				71DBBD8C1B4C42F100F85755 /* Supporting Files */,
			);
			path = Lotto;
			sourceTree = "<group>";
		};
		71DBBD8C1B4C42F100F85755 /* Supporting Files */ = {
			isa = PBXGroup;
			children = (
				71DBBD8D1B4C42F100F85755 /* Info.plist */,
			);
			name = "Supporting Files";
			sourceTree = "<group>";
		};
		71DBBDA11B4C42F100F85755 /* LottoTests */ = {
			isa = PBXGroup;
			children = (
				71DBBDA41B4C42F100F85755 /* LottoTests.swift */,
				71DBBDA21B4C42F100F85755 /* Supporting Files */,
			);
			path = LottoTests;
			sourceTree = "<group>";
		};
		71DBBDA21B4C42F100F85755 /* Supporting Files */ = {
			isa = PBXGroup;
			children = (
				71DBBDA31B4C42F100F85755 /* Info.plist */,
			);
			name = "Supporting Files";
			sourceTree = "<group>";
		};
/* End PBXGroup section */

/* Begin PBXNativeTarget section */
		71DBBD881B4C42F100F85755 /* Lotto */ = {
			isa = PBXNativeTarget;
			buildConfigurationList = 71DBBDA81B4C42F100F85755 /* Build configuration list for PBXNativeTarget "Lotto" */;
			buildPhases = (
				71DBBD851B4C42F100F85755 /* Sources */,
				71DBBD861B4C42F100F85755 /* Frameworks */,
				71DBBD871B4C42F100F85755 /* Resources */,
			);
			buildRules = (
			);
			dependencies = (
			);
			name = Lotto;
			productName = Lotto;
			productReference = 71DBBD891B4C42F100F85755 /* Lotto.app */;
			productType = "com.apple.product-type.application";
		};
		71DBBD9D1B4C42F100F85755 /* LottoTests */ = {
			isa = PBXNativeTarget;
			buildConfigurationList = 71DBBDAB1B4C42F100F85755 /* Build configuration list for PBXNativeTarget "LottoTests" */;
			buildPhases = (
				71DBBD9A1B4C42F100F85755 /* Sources */,
				71DBBD9B1B4C42F100F85755 /* Frameworks */,
				71DBBD9C1B4C42F100F85755 /* Resources */,
			);
			buildRules = (
			);
			dependencies = (
				71DBBDA01B4C42F100F85755 /* PBXTargetDependency */,
			);
			name = LottoTests;
			productName = LottoTests;
			productReference = 71DBBD9E1B4C42F100F85755 /* LottoTests.xctest */;
			productType = "com.apple.product-type.bundle.unit-test";
		};
/* End PBXNativeTarget section */

/* Begin PBXProject section */
		71DBBD811B4C42F100F85755 /* Project object */ = {
			isa = PBXProject;
			attributes = {
				LastUpgradeCheck = 0610;
				ORGANIZATIONNAME = "Anderson Ng";
				TargetAttributes = {
					71DBBD881B4C42F100F85755 = {
						CreatedOnToolsVersion = 6.1.1;
					};
					71DBBD9D1B4C42F100F85755 = {
						CreatedOnToolsVersion = 6.1.1;
						TestTargetID = 71DBBD881B4C42F100F85755;
					};
				};
			};
			buildConfigurationList = 71DBBD841B4C42F100F85755 /* Build configuration list for PBXProject "Lotto" */;
			compatibilityVersion = "Xcode 3.2";
			developmentRegion = English;
			hasScannedForEncodings = 0;
			knownRegions = (
				en,
				Base,
			);
			mainGroup = 71DBBD801B4C42F100F85755;
			productRefGroup = 71DBBD8A1B4C42F100F85755 /* Products */;
			projectDirPath = "";
			projectRoot = "";
			targets = (
				71DBBD881B4C42F100F85755 /* Lotto */,
				71DBBD9D1B4C42F100F85755 /* LottoTests */,
			);
		};
/* End PBXProject section */

/* Begin PBXResourcesBuildPhase section */
		71DBBD871B4C42F100F85755 /* Resources */ = {
			isa = PBXResourcesBuildPhase;
			buildActionMask = 2147483647;
			files = (
				71DBBD941B4C42F100F85755 /* Main.storyboard in Resources */,
				71DBBD991B4C42F100F85755 /* LaunchScreen.xib in Resources */,
				71DBBD961B4C42F100F85755 /* Images.xcassets in Resources */,
			);
			runOnlyForDeploymentPostprocessing = 0;
		};
		71DBBD9C1B4C42F100F85755 /* Resources */ = {
			isa = PBXResourcesBuildPhase;
			buildActionMask = 2147483647;
			files = (
			);
			runOnlyForDeploymentPostprocessing = 0;
		};
/* End PBXResourcesBuildPhase section */

/* Begin PBXSourcesBuildPhase section */
		71DBBD851B4C42F100F85755 /* Sources */ = {
			isa = PBXSourcesBuildPhase;
			buildActionMask = 2147483647;
			files = (
				71D5F1901B4F35BE00FC11D0 /* TransitionManager.swift in Sources */,
				71DBBD911B4C42F100F85755 /* ViewController.swift in Sources */,
				71DBBD8F1B4C42F100F85755 /* AppDelegate.swift in Sources */,
				71D82DBF1B4F85A4009C7CA7 /* SettingsViewController.swift in Sources */,
				71DBBDAF1B4C572D00F85755 /* Array+Shuffling.swift in Sources */,
			);
			runOnlyForDeploymentPostprocessing = 0;
		};
		71DBBD9A1B4C42F100F85755 /* Sources */ = {
			isa = PBXSourcesBuildPhase;
			buildActionMask = 2147483647;
			files = (
				71DBBDA51B4C42F100F85755 /* LottoTests.swift in Sources */,
			);
			runOnlyForDeploymentPostprocessing = 0;
		};
/* End PBXSourcesBuildPhase section */

/* Begin PBXTargetDependency section */
		71DBBDA01B4C42F100F85755 /* PBXTargetDependency */ = {
			isa = PBXTargetDependency;
			target = 71DBBD881B4C42F100F85755 /* Lotto */;
			targetProxy = 71DBBD9F1B4C42F100F85755 /* PBXContainerItemProxy */;
		};
/* End PBXTargetDependency section */

/* Begin PBXVariantGroup section */
		71DBBD921B4C42F100F85755 /* Main.storyboard */ = {
			isa = PBXVariantGroup;
			children = (
				71DBBD931B4C42F100F85755 /* Base */,
			);
			name = Main.storyboard;
			sourceTree = "<group>";
		};
		71DBBD971B4C42F100F85755 /* LaunchScreen.xib */ = {
			isa = PBXVariantGroup;
			children = (
				71DBBD981B4C42F100F85755 /* Base */,
			);
			name = LaunchScreen.xib;
			sourceTree = "<group>";
		};
/* End PBXVariantGroup section */

/* Begin XCBuildConfiguration section */
		71DBBDA61B4C42F100F85755 /* Debug */ = {
			isa = XCBuildConfiguration;
			buildSettings = {
				ALWAYS_SEARCH_USER_PATHS = NO;
				CLANG_CXX_LANGUAGE_STANDARD = "gnu++0x";
				CLANG_CXX_LIBRARY = "libc++";
				CLANG_ENABLE_MODULES = YES;
				CLANG_ENABLE_OBJC_ARC = YES;
				CLANG_WARN_BOOL_CONVERSION = YES;
				CLANG_WARN_CONSTANT_CONVERSION = YES;
				CLANG_WARN_DIRECT_OBJC_ISA_USAGE = YES_ERROR;
				CLANG_WARN_EMPTY_BODY = YES;
				CLANG_WARN_ENUM_CONVERSION = YES;
				CLANG_WARN_INT_CONVERSION = YES;
				CLANG_WARN_OBJC_ROOT_CLASS = YES_ERROR;
				CLANG_WARN_UNREACHABLE_CODE = YES;
				CLANG_WARN__DUPLICATE_METHOD_MATCH = YES;
				"CODE_SIGN_IDENTITY[sdk=iphoneos*]" = "iPhone Developer";
				COPY_PHASE_STRIP = NO;
				ENABLE_STRICT_OBJC_MSGSEND = YES;
				GCC_C_LANGUAGE_STANDARD = gnu99;
				GCC_DYNAMIC_NO_PIC = NO;
				GCC_OPTIMIZATION_LEVEL = 0;
				GCC_PREPROCESSOR_DEFINITIONS = (
					"DEBUG=1",
					"$(inherited)",
				);
				GCC_SYMBOLS_PRIVATE_EXTERN = NO;
				GCC_WARN_64_TO_32_BIT_CONVERSION = YES;
				GCC_WARN_ABOUT_RETURN_TYPE = YES_ERROR;
				GCC_WARN_UNDECLARED_SELECTOR = YES;
				GCC_WARN_UNINITIALIZED_AUTOS = YES_AGGRESSIVE;
				GCC_WARN_UNUSED_FUNCTION = YES;
				GCC_WARN_UNUSED_VARIABLE = YES;
				IPHONEOS_DEPLOYMENT_TARGET = 8.1;
				MTL_ENABLE_DEBUG_INFO = YES;
				ONLY_ACTIVE_ARCH = YES;
				SDKROOT = iphoneos;
				SWIFT_OPTIMIZATION_LEVEL = "-Onone";
			};
			name = Debug;
		};
		71DBBDA71B4C42F100F85755 /* Release */ = {
			isa = XCBuildConfiguration;
			buildSettings = {
				ALWAYS_SEARCH_USER_PATHS = NO;
				CLANG_CXX_LANGUAGE_STANDARD = "gnu++0x";
				CLANG_CXX_LIBRARY = "libc++";
				CLANG_ENABLE_MODULES = YES;
				CLANG_ENABLE_OBJC_ARC = YES;
				CLANG_WARN_BOOL_CONVERSION = YES;
				CLANG_WARN_CONSTANT_CONVERSION = YES;
				CLANG_WARN_DIRECT_OBJC_ISA_USAGE = YES_ERROR;
				CLANG_WARN_EMPTY_BODY = YES;
				CLANG_WARN_ENUM_CONVERSION = YES;
				CLANG_WARN_INT_CONVERSION = YES;
				CLANG_WARN_OBJC_ROOT_CLASS = YES_ERROR;
				CLANG_WARN_UNREACHABLE_CODE = YES;
				CLANG_WARN__DUPLICATE_METHOD_MATCH = YES;
				"CODE_SIGN_IDENTITY[sdk=iphoneos*]" = "iPhone Developer";
				COPY_PHASE_STRIP = YES;
				ENABLE_NS_ASSERTIONS = NO;
				ENABLE_STRICT_OBJC_MSGSEND = YES;
				GCC_C_LANGUAGE_STANDARD = gnu99;
				GCC_WARN_64_TO_32_BIT_CONVERSION = YES;
				GCC_WARN_ABOUT_RETURN_TYPE = YES_ERROR;
				GCC_WARN_UNDECLARED_SELECTOR = YES;
				GCC_WARN_UNINITIALIZED_AUTOS = YES_AGGRESSIVE;
				GCC_WARN_UNUSED_FUNCTION = YES;
				GCC_WARN_UNUSED_VARIABLE = YES;
				IPHONEOS_DEPLOYMENT_TARGET = 8.1;
				MTL_ENABLE_DEBUG_INFO = NO;
				SDKROOT = iphoneos;
				VALIDATE_PRODUCT = YES;
			};
			name = Release;
		};
		71DBBDA91B4C42F100F85755 /* Debug */ = {
			isa = XCBuildConfiguration;
			buildSettings = {
				ASSETCATALOG_COMPILER_APPICON_NAME = AppIcon;
				INFOPLIST_FILE = Lotto/Info.plist;
				LD_RUNPATH_SEARCH_PATHS = "$(inherited) @executable_path/Frameworks";
				PRODUCT_NAME = "$(TARGET_NAME)";
			};
			name = Debug;
		};
		71DBBDAA1B4C42F100F85755 /* Release */ = {
			isa = XCBuildConfiguration;
			buildSettings = {
				ASSETCATALOG_COMPILER_APPICON_NAME = AppIcon;
				INFOPLIST_FILE = Lotto/Info.plist;
				LD_RUNPATH_SEARCH_PATHS = "$(inherited) @executable_path/Frameworks";
				PRODUCT_NAME = "$(TARGET_NAME)";
			};
			name = Release;
		};
		71DBBDAC1B4C42F100F85755 /* Debug */ = {
			isa = XCBuildConfiguration;
			buildSettings = {
				BUNDLE_LOADER = "$(TEST_HOST)";
				FRAMEWORK_SEARCH_PATHS = (
					"$(SDKROOT)/Developer/Library/Frameworks",
					"$(inherited)",
				);
				GCC_PREPROCESSOR_DEFINITIONS = (
					"DEBUG=1",
					"$(inherited)",
				);
				INFOPLIST_FILE = LottoTests/Info.plist;
				LD_RUNPATH_SEARCH_PATHS = "$(inherited) @executable_path/Frameworks @loader_path/Frameworks";
				PRODUCT_NAME = "$(TARGET_NAME)";
				TEST_HOST = "$(BUILT_PRODUCTS_DIR)/Lotto.app/Lotto";
			};
			name = Debug;
		};
		71DBBDAD1B4C42F100F85755 /* Release */ = {
			isa = XCBuildConfiguration;
			buildSettings = {
				BUNDLE_LOADER = "$(TEST_HOST)";
				FRAMEWORK_SEARCH_PATHS = (
					"$(SDKROOT)/Developer/Library/Frameworks",
					"$(inherited)",
				);
				INFOPLIST_FILE = LottoTests/Info.plist;
				LD_RUNPATH_SEARCH_PATHS = "$(inherited) @executable_path/Frameworks @loader_path/Frameworks";
				PRODUCT_NAME = "$(TARGET_NAME)";
				TEST_HOST = "$(BUILT_PRODUCTS_DIR)/Lotto.app/Lotto";
			};
			name = Release;
		};
/* End XCBuildConfiguration section */

/* Begin XCConfigurationList section */
		71DBBD841B4C42F100F85755 /* Build configuration list for PBXProject "Lotto" */ = {
			isa = XCConfigurationList;
			buildConfigurations = (
				71DBBDA61B4C42F100F85755 /* Debug */,
				71DBBDA71B4C42F100F85755 /* Release */,
			);
			defaultConfigurationIsVisible = 0;
			defaultConfigurationName = Release;
		};
		71DBBDA81B4C42F100F85755 /* Build configuration list for PBXNativeTarget "Lotto" */ = {
			isa = XCConfigurationList;
			buildConfigurations = (
				71DBBDA91B4C42F100F85755 /* Debug */,
				71DBBDAA1B4C42F100F85755 /* Release */,
			);
			defaultConfigurationIsVisible = 0;
			defaultConfigurationName = Release;
		};
		71DBBDAB1B4C42F100F85755 /* Build configuration list for PBXNativeTarget "LottoTests" */ = {
			isa = XCConfigurationList;
			buildConfigurations = (
				71DBBDAC1B4C42F100F85755 /* Debug */,
				71DBBDAD1B4C42F100F85755 /* Release */,
			);
			defaultConfigurationIsVisible = 0;
			defaultConfigurationName = Release;
		};
/* End XCConfigurationList section */
	};
	rootObject = 71DBBD811B4C42F100F85755 /* Project object */;
}
